github.com/ralvarezdev/tinygo-buffers v0.0.2 h1:CuRtFbZfcw3WijTozN9pKOJM5NjfgHnPB0tok0EGBPg=
github.com/ralvarezdev/tinygo-buffers v0.0.2/go.mod h1:sP4ilzeozqemPX/4dqMmnAKq61ys0qs89XITGab03BA=
github.com/ralvarezdev/tinygo-types v0.0.3 h1:h8ogOD2lOVxR+w5i6o+v/8qTROFA2KBjVXBM7NT3SMc=
github.com/ralvarezdev/tinygo-types v0.0.3/go.mod h1:2u3ApwAtIqGZ6wDsmUYt44bIk1DEn06INNjtfWndCr4=
