github.com/ralvarezdev/tinygo-buffers v0.1.5 h1:72rkAvW/N0ZZPruMrIsryKn2lL9q70i1ygkAMQ3qhus=
github.com/ralvarezdev/tinygo-buffers v0.1.5/go.mod h1:Rc0yxPm8saRZ++pRNrY0J/8R7bQ9cU4KSHX8+1BMbJY=
github.com/ralvarezdev/tinygo-errors v0.0.4 h1:nuqApi7tEzPSSf2/3Uqxxizwftvoxczaec9BA95Hcj4=
github.com/ralvarezdev/tinygo-errors v0.0.4/go.mod h1:PlkyrG60saZetwFX1mPhve+9l2pneVH7c8q5w4sxe8M=
