github.com/ralvarezdev/tinygo-buffers v0.1.2 h1:Vjz0kBxhE8toK2hIWaZ0cj6at3TH+Ra/WUCeibNE4n8=
github.com/ralvarezdev/tinygo-buffers v0.1.2/go.mod h1:tGklXbGcbTrmFp/+qDUwQ4iSSdeUh/LDYxZ0P+Aeeko=
github.com/ralvarezdev/tinygo-types v0.0.3 h1:h8ogOD2lOVxR+w5i6o+v/8qTROFA2KBjVXBM7NT3SMc=
github.com/ralvarezdev/tinygo-types v0.0.3/go.mod h1:2u3ApwAtIqGZ6wDsmUYt44bIk1DEn06INNjtfWndCr4=
